// !$*UTF8*$!
{
	archiveVersion = 1;
	classes = {
	};
	objectVersion = 56;
	objects = {

/* Begin PBXBuildFile section */
		2B8BBD7C2C90283A008139DF /* app920App.swift in Sources */ = {isa = PBXBuildFile; fileRef = 2B8BBD7B2C90283A008139DF /* app920App.swift */; };
		2B8BBD7E2C90283A008139DF /* ContentView.swift in Sources */ = {isa = PBXBuildFile; fileRef = 2B8BBD7D2C90283A008139DF /* ContentView.swift */; };
		2B8BBD802C90283C008139DF /* Assets.xcassets in Resources */ = {isa = PBXBuildFile; fileRef = 2B8BBD7F2C90283C008139DF /* Assets.xcassets */; };
		2B8BBD832C90283C008139DF /* Preview Assets.xcassets in Resources */ = {isa = PBXBuildFile; fileRef = 2B8BBD822C90283C008139DF /* Preview Assets.xcassets */; };
		2B8BBD8B2C9028A9008139DF /* LoaderUIView.swift in Sources */ = {isa = PBXBuildFile; fileRef = 2B8BBD8A2C9028A9008139DF /* LoaderUIView.swift */; };
		2B8BBD912C9028F1008139DF /* ReOnboardingUIView.swift in Sources */ = {isa = PBXBuildFile; fileRef = 2B8BBD902C9028F1008139DF /* ReOnboardingUIView.swift */; };
		2B8BBD932C902900008139DF /* UsOnboardingUIView.swift in Sources */ = {isa = PBXBuildFile; fileRef = 2B8BBD922C902900008139DF /* UsOnboardingUIView.swift */; };
		2B8BBD962C9040A0008139DF /* TabUIView.swift in Sources */ = {isa = PBXBuildFile; fileRef = 2B8BBD952C9040A0008139DF /* TabUIView.swift */; };
		2B8BBD9C2C904385008139DF /* HomeUIView.swift in Sources */ = {isa = PBXBuildFile; fileRef = 2B8BBD9B2C904385008139DF /* HomeUIView.swift */; };
		2B8BBDA22C905BA4008139DF /* AttractionsUIView.swift in Sources */ = {isa = PBXBuildFile; fileRef = 2B8BBDA12C905BA4008139DF /* AttractionsUIView.swift */; };
		2B8BBDA42C905BB9008139DF /* AttractionCellUIView.swift in Sources */ = {isa = PBXBuildFile; fileRef = 2B8BBDA32C905BB9008139DF /* AttractionCellUIView.swift */; };
		2B8BBDA62C90718B008139DF /* NewAttractionUIView.swift in Sources */ = {isa = PBXBuildFile; fileRef = 2B8BBDA52C90718B008139DF /* NewAttractionUIView.swift */; };
		2B8BBDA82C907196008139DF /* Attraction.swift in Sources */ = {isa = PBXBuildFile; fileRef = 2B8BBDA72C907196008139DF /* Attraction.swift */; };
		2B8BBDAB2C9075EA008139DF /* ImagePicker.swift in Sources */ = {isa = PBXBuildFile; fileRef = 2B8BBDAA2C9075EA008139DF /* ImagePicker.swift */; };
		2B8BBDD12C917FCD008139DF /* AttractionViewModel.swift in Sources */ = {isa = PBXBuildFile; fileRef = 2B8BBDD02C917FCC008139DF /* AttractionViewModel.swift */; };
		2B8BBDD32C91888B008139DF /* AttractionDetailsUIView.swift in Sources */ = {isa = PBXBuildFile; fileRef = 2B8BBDD22C91888B008139DF /* AttractionDetailsUIView.swift */; };
		2B8BBDD92C919B30008139DF /* MemoriesUIView.swift in Sources */ = {isa = PBXBuildFile; fileRef = 2B8BBDD82C919B30008139DF /* MemoriesUIView.swift */; };
		2B8BBDDB2C919E3A008139DF /* AttractionMemoryCellUIView.swift in Sources */ = {isa = PBXBuildFile; fileRef = 2B8BBDDA2C919E3A008139DF /* AttractionMemoryCellUIView.swift */; };
		2B8BBDDD2C919FD1008139DF /* Memory.swift in Sources */ = {isa = PBXBuildFile; fileRef = 2B8BBDDC2C919FD1008139DF /* Memory.swift */; };
		2B8BBDDF2C91A970008139DF /* MemoryDetailsUIView.swift in Sources */ = {isa = PBXBuildFile; fileRef = 2B8BBDDE2C91A970008139DF /* MemoryDetailsUIView.swift */; };
		2B8BBDE12C91AA89008139DF /* AddMemoryUIView.swift in Sources */ = {isa = PBXBuildFile; fileRef = 2B8BBDE02C91AA89008139DF /* AddMemoryUIView.swift */; };
		2B8BBDE32C91ACCB008139DF /* MemoryCell.swift in Sources */ = {isa = PBXBuildFile; fileRef = 2B8BBDE22C91ACCB008139DF /* MemoryCell.swift */; };
		2B8BBDE92C91C5B2008139DF /* SettingsViewModel.swift in Sources */ = {isa = PBXBuildFile; fileRef = 2B8BBDE82C91C5B2008139DF /* SettingsViewModel.swift */; };
		2B8BBDEB2C91C5D2008139DF /* SettingsUIView.swift in Sources */ = {isa = PBXBuildFile; fileRef = 2B8BBDEA2C91C5D2008139DF /* SettingsUIView.swift */; };
		2B8BBDEE2C91C5F7008139DF /* Info.swift in Sources */ = {isa = PBXBuildFile; fileRef = 2B8BBDED2C91C5F7008139DF /* Info.swift */; };
		2B8BBDF02C91C898008139DF /* Account.swift in Sources */ = {isa = PBXBuildFile; fileRef = 2B8BBDEF2C91C898008139DF /* Account.swift */; };
		2B8BBDF32C91C999008139DF /* AccountUIView.swift in Sources */ = {isa = PBXBuildFile; fileRef = 2B8BBDF22C91C999008139DF /* AccountUIView.swift */; };
		2B8BBDF52C91CE8E008139DF /* EditAccountUIView.swift in Sources */ = {isa = PBXBuildFile; fileRef = 2B8BBDF42C91CE8E008139DF /* EditAccountUIView.swift */; };
/* End PBXBuildFile section */

/* Begin PBXFileReference section */
		2B8BBD782C90283A008139DF /* app920.app */ = {isa = PBXFileReference; explicitFileType = wrapper.application; includeInIndex = 0; path = app920.app; sourceTree = BUILT_PRODUCTS_DIR; };
		2B8BBD7B2C90283A008139DF /* app920App.swift */ = {isa = PBXFileReference; lastKnownFileType = sourcecode.swift; path = app920App.swift; sourceTree = "<group>"; };
		2B8BBD7D2C90283A008139DF /* ContentView.swift */ = {isa = PBXFileReference; lastKnownFileType = sourcecode.swift; path = ContentView.swift; sourceTree = "<group>"; };
		2B8BBD7F2C90283C008139DF /* Assets.xcassets */ = {isa = PBXFileReference; lastKnownFileType = folder.assetcatalog; path = Assets.xcassets; sourceTree = "<group>"; };
		2B8BBD822C90283C008139DF /* Preview Assets.xcassets */ = {isa = PBXFileReference; lastKnownFileType = folder.assetcatalog; path = "Preview Assets.xcassets"; sourceTree = "<group>"; };
		2B8BBD8A2C9028A9008139DF /* LoaderUIView.swift */ = {isa = PBXFileReference; lastKnownFileType = sourcecode.swift; path = LoaderUIView.swift; sourceTree = "<group>"; };
		2B8BBD902C9028F1008139DF /* ReOnboardingUIView.swift */ = {isa = PBXFileReference; lastKnownFileType = sourcecode.swift; path = ReOnboardingUIView.swift; sourceTree = "<group>"; };
		2B8BBD922C902900008139DF /* UsOnboardingUIView.swift */ = {isa = PBXFileReference; lastKnownFileType = sourcecode.swift; path = UsOnboardingUIView.swift; sourceTree = "<group>"; };
		2B8BBD952C9040A0008139DF /* TabUIView.swift */ = {isa = PBXFileReference; lastKnownFileType = sourcecode.swift; path = TabUIView.swift; sourceTree = "<group>"; };
		2B8BBD9B2C904385008139DF /* HomeUIView.swift */ = {isa = PBXFileReference; lastKnownFileType = sourcecode.swift; path = HomeUIView.swift; sourceTree = "<group>"; };
		2B8BBDA12C905BA4008139DF /* AttractionsUIView.swift */ = {isa = PBXFileReference; lastKnownFileType = sourcecode.swift; path = AttractionsUIView.swift; sourceTree = "<group>"; };
		2B8BBDA32C905BB9008139DF /* AttractionCellUIView.swift */ = {isa = PBXFileReference; lastKnownFileType = sourcecode.swift; path = AttractionCellUIView.swift; sourceTree = "<group>"; };
		2B8BBDA52C90718B008139DF /* NewAttractionUIView.swift */ = {isa = PBXFileReference; lastKnownFileType = sourcecode.swift; path = NewAttractionUIView.swift; sourceTree = "<group>"; };
		2B8BBDA72C907196008139DF /* Attraction.swift */ = {isa = PBXFileReference; lastKnownFileType = sourcecode.swift; path = Attraction.swift; sourceTree = "<group>"; };
		2B8BBDAA2C9075EA008139DF /* ImagePicker.swift */ = {isa = PBXFileReference; lastKnownFileType = sourcecode.swift; path = ImagePicker.swift; sourceTree = "<group>"; };
		2B8BBDD02C917FCC008139DF /* AttractionViewModel.swift */ = {isa = PBXFileReference; lastKnownFileType = sourcecode.swift; path = AttractionViewModel.swift; sourceTree = "<group>"; };
		2B8BBDD22C91888B008139DF /* AttractionDetailsUIView.swift */ = {isa = PBXFileReference; lastKnownFileType = sourcecode.swift; path = AttractionDetailsUIView.swift; sourceTree = "<group>"; };
		2B8BBDD82C919B30008139DF /* MemoriesUIView.swift */ = {isa = PBXFileReference; lastKnownFileType = sourcecode.swift; path = MemoriesUIView.swift; sourceTree = "<group>"; };
		2B8BBDDA2C919E3A008139DF /* AttractionMemoryCellUIView.swift */ = {isa = PBXFileReference; lastKnownFileType = sourcecode.swift; path = AttractionMemoryCellUIView.swift; sourceTree = "<group>"; };
		2B8BBDDC2C919FD1008139DF /* Memory.swift */ = {isa = PBXFileReference; lastKnownFileType = sourcecode.swift; path = Memory.swift; sourceTree = "<group>"; };
		2B8BBDDE2C91A970008139DF /* MemoryDetailsUIView.swift */ = {isa = PBXFileReference; lastKnownFileType = sourcecode.swift; path = MemoryDetailsUIView.swift; sourceTree = "<group>"; };
		2B8BBDE02C91AA89008139DF /* AddMemoryUIView.swift */ = {isa = PBXFileReference; lastKnownFileType = sourcecode.swift; path = AddMemoryUIView.swift; sourceTree = "<group>"; };
		2B8BBDE22C91ACCB008139DF /* MemoryCell.swift */ = {isa = PBXFileReference; lastKnownFileType = sourcecode.swift; path = MemoryCell.swift; sourceTree = "<group>"; };
		2B8BBDE82C91C5B2008139DF /* SettingsViewModel.swift */ = {isa = PBXFileReference; lastKnownFileType = sourcecode.swift; path = SettingsViewModel.swift; sourceTree = "<group>"; };
		2B8BBDEA2C91C5D2008139DF /* SettingsUIView.swift */ = {isa = PBXFileReference; lastKnownFileType = sourcecode.swift; path = SettingsUIView.swift; sourceTree = "<group>"; };
		2B8BBDED2C91C5F7008139DF /* Info.swift */ = {isa = PBXFileReference; lastKnownFileType = sourcecode.swift; path = Info.swift; sourceTree = "<group>"; };
		2B8BBDEF2C91C898008139DF /* Account.swift */ = {isa = PBXFileReference; lastKnownFileType = sourcecode.swift; path = Account.swift; sourceTree = "<group>"; };
		2B8BBDF22C91C999008139DF /* AccountUIView.swift */ = {isa = PBXFileReference; lastKnownFileType = sourcecode.swift; path = AccountUIView.swift; sourceTree = "<group>"; };
		2B8BBDF42C91CE8E008139DF /* EditAccountUIView.swift */ = {isa = PBXFileReference; lastKnownFileType = sourcecode.swift; path = EditAccountUIView.swift; sourceTree = "<group>"; };
/* End PBXFileReference section */

/* Begin PBXFrameworksBuildPhase section */
		2B8BBD752C90283A008139DF /* Frameworks */ = {
			isa = PBXFrameworksBuildPhase;
			buildActionMask = 2147483647;
			files = (
			);
			runOnlyForDeploymentPostprocessing = 0;
		};
/* End PBXFrameworksBuildPhase section */

/* Begin PBXGroup section */
		2B8BBD6F2C90283A008139DF = {
			isa = PBXGroup;
			children = (
				2B8BBD7A2C90283A008139DF /* app920 */,
				2B8BBD792C90283A008139DF /* Products */,
			);
			sourceTree = "<group>";
		};
		2B8BBD792C90283A008139DF /* Products */ = {
			isa = PBXGroup;
			children = (
				2B8BBD782C90283A008139DF /* app920.app */,
			);
			name = Products;
			sourceTree = "<group>";
		};
		2B8BBD7A2C90283A008139DF /* app920 */ = {
			isa = PBXGroup;
			children = (
				2B8BBD8C2C9028B5008139DF /* First */,
				2B8BBD8D2C9028BE008139DF /* Second */,
				2B8BBD892C902887008139DF /* Loader */,
				2B8BBD7B2C90283A008139DF /* app920App.swift */,
				2B8BBD7D2C90283A008139DF /* ContentView.swift */,
				2B8BBD7F2C90283C008139DF /* Assets.xcassets */,
				2B8BBD812C90283C008139DF /* Preview Content */,
			);
			path = app920;
			sourceTree = "<group>";
		};
		2B8BBD812C90283C008139DF /* Preview Content */ = {
			isa = PBXGroup;
			children = (
				2B8BBD822C90283C008139DF /* Preview Assets.xcassets */,
			);
			path = "Preview Content";
			sourceTree = "<group>";
		};
		2B8BBD892C902887008139DF /* Loader */ = {
			isa = PBXGroup;
			children = (
				2B8BBD8A2C9028A9008139DF /* LoaderUIView.swift */,
			);
			path = Loader;
			sourceTree = "<group>";
		};
		2B8BBD8C2C9028B5008139DF /* First */ = {
			isa = PBXGroup;
			children = (
				2B8BBDE42C91C584008139DF /* Settings */,
				2B8BBDD42C919B0B008139DF /* Memories */,
				2B8BBDA92C9075DD008139DF /* Service */,
				2B8BBD9D2C905B80008139DF /* AttractionsView */,
				2B8BBD972C904332008139DF /* HomeView */,
				2B8BBD942C904090008139DF /* TabBar */,
				2B8BBD8E2C9028D4008139DF /* Onboarding */,
			);
			path = First;
			sourceTree = "<group>";
		};
		2B8BBD8D2C9028BE008139DF /* Second */ = {
			isa = PBXGroup;
			children = (
				2B8BBD8F2C9028DC008139DF /* Onboarding */,
			);
			path = Second;
			sourceTree = "<group>";
		};
		2B8BBD8E2C9028D4008139DF /* Onboarding */ = {
			isa = PBXGroup;
			children = (
				2B8BBD902C9028F1008139DF /* ReOnboardingUIView.swift */,
			);
			path = Onboarding;
			sourceTree = "<group>";
		};
		2B8BBD8F2C9028DC008139DF /* Onboarding */ = {
			isa = PBXGroup;
			children = (
				2B8BBD922C902900008139DF /* UsOnboardingUIView.swift */,
			);
			path = Onboarding;
			sourceTree = "<group>";
		};
		2B8BBD942C904090008139DF /* TabBar */ = {
			isa = PBXGroup;
			children = (
				2B8BBD952C9040A0008139DF /* TabUIView.swift */,
			);
			path = TabBar;
			sourceTree = "<group>";
		};
		2B8BBD972C904332008139DF /* HomeView */ = {
			isa = PBXGroup;
			children = (
				2B8BBD9A2C90436F008139DF /* Model */,
				2B8BBD992C90436A008139DF /* View */,
				2B8BBD982C904365008139DF /* ViewModel */,
			);
			path = HomeView;
			sourceTree = "<group>";
		};
		2B8BBD982C904365008139DF /* ViewModel */ = {
			isa = PBXGroup;
			children = (
			);
			path = ViewModel;
			sourceTree = "<group>";
		};
		2B8BBD992C90436A008139DF /* View */ = {
			isa = PBXGroup;
			children = (
				2B8BBD9B2C904385008139DF /* HomeUIView.swift */,
			);
			path = View;
			sourceTree = "<group>";
		};
		2B8BBD9A2C90436F008139DF /* Model */ = {
			isa = PBXGroup;
			children = (
			);
			path = Model;
			sourceTree = "<group>";
		};
		2B8BBD9D2C905B80008139DF /* AttractionsView */ = {
			isa = PBXGroup;
			children = (
				2B8BBDA02C905B91008139DF /* Model */,
				2B8BBD9F2C905B8D008139DF /* View */,
				2B8BBD9E2C905B86008139DF /* ViewModel */,
			);
			path = AttractionsView;
			sourceTree = "<group>";
		};
		2B8BBD9E2C905B86008139DF /* ViewModel */ = {
			isa = PBXGroup;
			children = (
				2B8BBDD02C917FCC008139DF /* AttractionViewModel.swift */,
			);
			path = ViewModel;
			sourceTree = "<group>";
		};
		2B8BBD9F2C905B8D008139DF /* View */ = {
			isa = PBXGroup;
			children = (
				2B8BBDA12C905BA4008139DF /* AttractionsUIView.swift */,
				2B8BBDA32C905BB9008139DF /* AttractionCellUIView.swift */,
				2B8BBDA52C90718B008139DF /* NewAttractionUIView.swift */,
				2B8BBDD22C91888B008139DF /* AttractionDetailsUIView.swift */,
			);
			path = View;
			sourceTree = "<group>";
		};
		2B8BBDA02C905B91008139DF /* Model */ = {
			isa = PBXGroup;
			children = (
				2B8BBDA72C907196008139DF /* Attraction.swift */,
			);
			path = Model;
			sourceTree = "<group>";
		};
		2B8BBDA92C9075DD008139DF /* Service */ = {
			isa = PBXGroup;
			children = (
				2B8BBDED2C91C5F7008139DF /* Info.swift */,
				2B8BBDAA2C9075EA008139DF /* ImagePicker.swift */,
			);
			path = Service;
			sourceTree = "<group>";
		};
		2B8BBDD42C919B0B008139DF /* Memories */ = {
			isa = PBXGroup;
			children = (
				2B8BBDD72C919B1E008139DF /* Model */,
				2B8BBDD62C919B1B008139DF /* View */,
				2B8BBDD52C919B15008139DF /* ViewModel */,
			);
			path = Memories;
			sourceTree = "<group>";
		};
		2B8BBDD52C919B15008139DF /* ViewModel */ = {
			isa = PBXGroup;
			children = (
			);
			path = ViewModel;
			sourceTree = "<group>";
		};
		2B8BBDD62C919B1B008139DF /* View */ = {
			isa = PBXGroup;
			children = (
				2B8BBDD82C919B30008139DF /* MemoriesUIView.swift */,
				2B8BBDDA2C919E3A008139DF /* AttractionMemoryCellUIView.swift */,
				2B8BBDDE2C91A970008139DF /* MemoryDetailsUIView.swift */,
				2B8BBDE22C91ACCB008139DF /* MemoryCell.swift */,
				2B8BBDE02C91AA89008139DF /* AddMemoryUIView.swift */,
			);
			path = View;
			sourceTree = "<group>";
		};
		2B8BBDD72C919B1E008139DF /* Model */ = {
			isa = PBXGroup;
			children = (
				2B8BBDDC2C919FD1008139DF /* Memory.swift */,
			);
			path = Model;
			sourceTree = "<group>";
		};
		2B8BBDE42C91C584008139DF /* Settings */ = {
			isa = PBXGroup;
			children = (
				2B8BBDE72C91C59B008139DF /* Model */,
				2B8BBDE62C91C596008139DF /* VIew */,
				2B8BBDE52C91C591008139DF /* ViewModel */,
			);
			path = Settings;
			sourceTree = "<group>";
		};
		2B8BBDE52C91C591008139DF /* ViewModel */ = {
			isa = PBXGroup;
			children = (
				2B8BBDE82C91C5B2008139DF /* SettingsViewModel.swift */,
			);
			path = ViewModel;
			sourceTree = "<group>";
		};
		2B8BBDE62C91C596008139DF /* VIew */ = {
			isa = PBXGroup;
			children = (
				2B8BBDEA2C91C5D2008139DF /* SettingsUIView.swift */,
				2B8BBDF12C91C98B008139DF /* Account */,
			);
			path = VIew;
			sourceTree = "<group>";
		};
		2B8BBDE72C91C59B008139DF /* Model */ = {
			isa = PBXGroup;
			children = (
				2B8BBDEF2C91C898008139DF /* Account.swift */,
			);
			path = Model;
			sourceTree = "<group>";
		};
		2B8BBDF12C91C98B008139DF /* Account */ = {
			isa = PBXGroup;
			children = (
				2B8BBDF22C91C999008139DF /* AccountUIView.swift */,
				2B8BBDF42C91CE8E008139DF /* EditAccountUIView.swift */,
			);
			path = Account;
			sourceTree = "<group>";
		};
/* End PBXGroup section */

/* Begin PBXNativeTarget section */
		2B8BBD772C90283A008139DF /* app920 */ = {
			isa = PBXNativeTarget;
			buildConfigurationList = 2B8BBD862C90283C008139DF /* Build configuration list for PBXNativeTarget "app920" */;
			buildPhases = (
				2B8BBD742C90283A008139DF /* Sources */,
				2B8BBD752C90283A008139DF /* Frameworks */,
				2B8BBD762C90283A008139DF /* Resources */,
			);
			buildRules = (
			);
			dependencies = (
			);
			name = app920;
			productName = app920;
			productReference = 2B8BBD782C90283A008139DF /* app920.app */;
			productType = "com.apple.product-type.application";
		};
/* End PBXNativeTarget section */

/* Begin PBXProject section */
		2B8BBD702C90283A008139DF /* Project object */ = {
			isa = PBXProject;
			attributes = {
				BuildIndependentTargetsInParallel = 1;
				LastSwiftUpdateCheck = 1520;
				LastUpgradeCheck = 1520;
				TargetAttributes = {
					2B8BBD772C90283A008139DF = {
						CreatedOnToolsVersion = 15.2;
					};
				};
			};
			buildConfigurationList = 2B8BBD732C90283A008139DF /* Build configuration list for PBXProject "app920" */;
			compatibilityVersion = "Xcode 14.0";
			developmentRegion = en;
			hasScannedForEncodings = 0;
			knownRegions = (
				en,
				Base,
			);
			mainGroup = 2B8BBD6F2C90283A008139DF;
			productRefGroup = 2B8BBD792C90283A008139DF /* Products */;
			projectDirPath = "";
			projectRoot = "";
			targets = (
				2B8BBD772C90283A008139DF /* app920 */,
			);
		};
/* End PBXProject section */

/* Begin PBXResourcesBuildPhase section */
		2B8BBD762C90283A008139DF /* Resources */ = {
			isa = PBXResourcesBuildPhase;
			buildActionMask = 2147483647;
			files = (
				2B8BBD832C90283C008139DF /* Preview Assets.xcassets in Resources */,
				2B8BBD802C90283C008139DF /* Assets.xcassets in Resources */,
			);
			runOnlyForDeploymentPostprocessing = 0;
		};
/* End PBXResourcesBuildPhase section */

/* Begin PBXSourcesBuildPhase section */
		2B8BBD742C90283A008139DF /* Sources */ = {
			isa = PBXSourcesBuildPhase;
			buildActionMask = 2147483647;
			files = (
				2B8BBDD32C91888B008139DF /* AttractionDetailsUIView.swift in Sources */,
				2B8BBDEE2C91C5F7008139DF /* Info.swift in Sources */,
				2B8BBDEB2C91C5D2008139DF /* SettingsUIView.swift in Sources */,
				2B8BBDA42C905BB9008139DF /* AttractionCellUIView.swift in Sources */,
				2B8BBDDF2C91A970008139DF /* MemoryDetailsUIView.swift in Sources */,
				2B8BBDF02C91C898008139DF /* Account.swift in Sources */,
				2B8BBD7E2C90283A008139DF /* ContentView.swift in Sources */,
				2B8BBDE32C91ACCB008139DF /* MemoryCell.swift in Sources */,
				2B8BBDF52C91CE8E008139DF /* EditAccountUIView.swift in Sources */,
				2B8BBDA62C90718B008139DF /* NewAttractionUIView.swift in Sources */,
				2B8BBD7C2C90283A008139DF /* app920App.swift in Sources */,
				2B8BBD9C2C904385008139DF /* HomeUIView.swift in Sources */,
				2B8BBD962C9040A0008139DF /* TabUIView.swift in Sources */,
				2B8BBDA82C907196008139DF /* Attraction.swift in Sources */,
				2B8BBDDD2C919FD1008139DF /* Memory.swift in Sources */,
				2B8BBD932C902900008139DF /* UsOnboardingUIView.swift in Sources */,
				2B8BBD912C9028F1008139DF /* ReOnboardingUIView.swift in Sources */,
				2B8BBDAB2C9075EA008139DF /* ImagePicker.swift in Sources */,
				2B8BBDD12C917FCD008139DF /* AttractionViewModel.swift in Sources */,
				2B8BBDF32C91C999008139DF /* AccountUIView.swift in Sources */,
				2B8BBDDB2C919E3A008139DF /* AttractionMemoryCellUIView.swift in Sources */,
				2B8BBD8B2C9028A9008139DF /* LoaderUIView.swift in Sources */,
				2B8BBDD92C919B30008139DF /* MemoriesUIView.swift in Sources */,
				2B8BBDE12C91AA89008139DF /* AddMemoryUIView.swift in Sources */,
				2B8BBDA22C905BA4008139DF /* AttractionsUIView.swift in Sources */,
				2B8BBDE92C91C5B2008139DF /* SettingsViewModel.swift in Sources */,
			);
			runOnlyForDeploymentPostprocessing = 0;
		};
/* End PBXSourcesBuildPhase section */

/* Begin XCBuildConfiguration section */
		2B8BBD842C90283C008139DF /* Debug */ = {
			isa = XCBuildConfiguration;
			buildSettings = {
				ALWAYS_SEARCH_USER_PATHS = NO;
				ASSETCATALOG_COMPILER_GENERATE_SWIFT_ASSET_SYMBOL_EXTENSIONS = YES;
				CLANG_ANALYZER_NONNULL = YES;
				CLANG_ANALYZER_NUMBER_OBJECT_CONVERSION = YES_AGGRESSIVE;
				CLANG_CXX_LANGUAGE_STANDARD = "gnu++20";
				CLANG_ENABLE_MODULES = YES;
				CLANG_ENABLE_OBJC_ARC = YES;
				CLANG_ENABLE_OBJC_WEAK = YES;
				CLANG_WARN_BLOCK_CAPTURE_AUTORELEASING = YES;
				CLANG_WARN_BOOL_CONVERSION = YES;
				CLANG_WARN_COMMA = YES;
				CLANG_WARN_CONSTANT_CONVERSION = YES;
				CLANG_WARN_DEPRECATED_OBJC_IMPLEMENTATIONS = YES;
				CLANG_WARN_DIRECT_OBJC_ISA_USAGE = YES_ERROR;
				CLANG_WARN_DOCUMENTATION_COMMENTS = YES;
				CLANG_WARN_EMPTY_BODY = YES;
				CLANG_WARN_ENUM_CONVERSION = YES;
				CLANG_WARN_INFINITE_RECURSION = YES;
				CLANG_WARN_INT_CONVERSION = YES;
				CLANG_WARN_NON_LITERAL_NULL_CONVERSION = YES;
				CLANG_WARN_OBJC_IMPLICIT_RETAIN_SELF = YES;
				CLANG_WARN_OBJC_LITERAL_CONVERSION = YES;
				CLANG_WARN_OBJC_ROOT_CLASS = YES_ERROR;
				CLANG_WARN_QUOTED_INCLUDE_IN_FRAMEWORK_HEADER = YES;
				CLANG_WARN_RANGE_LOOP_ANALYSIS = YES;
				CLANG_WARN_STRICT_PROTOTYPES = YES;
				CLANG_WARN_SUSPICIOUS_MOVE = YES;
				CLANG_WARN_UNGUARDED_AVAILABILITY = YES_AGGRESSIVE;
				CLANG_WARN_UNREACHABLE_CODE = YES;
				CLANG_WARN__DUPLICATE_METHOD_MATCH = YES;
				COPY_PHASE_STRIP = NO;
				DEBUG_INFORMATION_FORMAT = dwarf;
				ENABLE_STRICT_OBJC_MSGSEND = YES;
				ENABLE_TESTABILITY = YES;
				ENABLE_USER_SCRIPT_SANDBOXING = YES;
				GCC_C_LANGUAGE_STANDARD = gnu17;
				GCC_DYNAMIC_NO_PIC = NO;
				GCC_NO_COMMON_BLOCKS = YES;
				GCC_OPTIMIZATION_LEVEL = 0;
				GCC_PREPROCESSOR_DEFINITIONS = (
					"DEBUG=1",
					"$(inherited)",
				);
				GCC_WARN_64_TO_32_BIT_CONVERSION = YES;
				GCC_WARN_ABOUT_RETURN_TYPE = YES_ERROR;
				GCC_WARN_UNDECLARED_SELECTOR = YES;
				GCC_WARN_UNINITIALIZED_AUTOS = YES_AGGRESSIVE;
				GCC_WARN_UNUSED_FUNCTION = YES;
				GCC_WARN_UNUSED_VARIABLE = YES;
				IPHONEOS_DEPLOYMENT_TARGET = 14.0;
				LOCALIZATION_PREFERS_STRING_CATALOGS = YES;
				MTL_ENABLE_DEBUG_INFO = INCLUDE_SOURCE;
				MTL_FAST_MATH = YES;
				ONLY_ACTIVE_ARCH = YES;
				SDKROOT = iphoneos;
				SWIFT_ACTIVE_COMPILATION_CONDITIONS = "DEBUG $(inherited)";
				SWIFT_OPTIMIZATION_LEVEL = "-Onone";
			};
			name = Debug;
		};
		2B8BBD852C90283C008139DF /* Release */ = {
			isa = XCBuildConfiguration;
			buildSettings = {
				ALWAYS_SEARCH_USER_PATHS = NO;
				ASSETCATALOG_COMPILER_GENERATE_SWIFT_ASSET_SYMBOL_EXTENSIONS = YES;
				CLANG_ANALYZER_NONNULL = YES;
				CLANG_ANALYZER_NUMBER_OBJECT_CONVERSION = YES_AGGRESSIVE;
				CLANG_CXX_LANGUAGE_STANDARD = "gnu++20";
				CLANG_ENABLE_MODULES = YES;
				CLANG_ENABLE_OBJC_ARC = YES;
				CLANG_ENABLE_OBJC_WEAK = YES;
				CLANG_WARN_BLOCK_CAPTURE_AUTORELEASING = YES;
				CLANG_WARN_BOOL_CONVERSION = YES;
				CLANG_WARN_COMMA = YES;
				CLANG_WARN_CONSTANT_CONVERSION = YES;
				CLANG_WARN_DEPRECATED_OBJC_IMPLEMENTATIONS = YES;
				CLANG_WARN_DIRECT_OBJC_ISA_USAGE = YES_ERROR;
				CLANG_WARN_DOCUMENTATION_COMMENTS = YES;
				CLANG_WARN_EMPTY_BODY = YES;
				CLANG_WARN_ENUM_CONVERSION = YES;
				CLANG_WARN_INFINITE_RECURSION = YES;
				CLANG_WARN_INT_CONVERSION = YES;
				CLANG_WARN_NON_LITERAL_NULL_CONVERSION = YES;
				CLANG_WARN_OBJC_IMPLICIT_RETAIN_SELF = YES;
				CLANG_WARN_OBJC_LITERAL_CONVERSION = YES;
				CLANG_WARN_OBJC_ROOT_CLASS = YES_ERROR;
				CLANG_WARN_QUOTED_INCLUDE_IN_FRAMEWORK_HEADER = YES;
				CLANG_WARN_RANGE_LOOP_ANALYSIS = YES;
				CLANG_WARN_STRICT_PROTOTYPES = YES;
				CLANG_WARN_SUSPICIOUS_MOVE = YES;
				CLANG_WARN_UNGUARDED_AVAILABILITY = YES_AGGRESSIVE;
				CLANG_WARN_UNREACHABLE_CODE = YES;
				CLANG_WARN__DUPLICATE_METHOD_MATCH = YES;
				COPY_PHASE_STRIP = NO;
				DEBUG_INFORMATION_FORMAT = "dwarf-with-dsym";
				ENABLE_NS_ASSERTIONS = NO;
				ENABLE_STRICT_OBJC_MSGSEND = YES;
				ENABLE_USER_SCRIPT_SANDBOXING = YES;
				GCC_C_LANGUAGE_STANDARD = gnu17;
				GCC_NO_COMMON_BLOCKS = YES;
				GCC_WARN_64_TO_32_BIT_CONVERSION = YES;
				GCC_WARN_ABOUT_RETURN_TYPE = YES_ERROR;
				GCC_WARN_UNDECLARED_SELECTOR = YES;
				GCC_WARN_UNINITIALIZED_AUTOS = YES_AGGRESSIVE;
				GCC_WARN_UNUSED_FUNCTION = YES;
				GCC_WARN_UNUSED_VARIABLE = YES;
				IPHONEOS_DEPLOYMENT_TARGET = 14.0;
				LOCALIZATION_PREFERS_STRING_CATALOGS = YES;
				MTL_ENABLE_DEBUG_INFO = NO;
				MTL_FAST_MATH = YES;
				SDKROOT = iphoneos;
				SWIFT_COMPILATION_MODE = wholemodule;
				VALIDATE_PRODUCT = YES;
			};
			name = Release;
		};
		2B8BBD872C90283C008139DF /* Debug */ = {
			isa = XCBuildConfiguration;
			buildSettings = {
				ASSETCATALOG_COMPILER_APPICON_NAME = AppIcon;
				ASSETCATALOG_COMPILER_GLOBAL_ACCENT_COLOR_NAME = AccentColor;
				CODE_SIGN_STYLE = Automatic;
				CURRENT_PROJECT_VERSION = 1;
				DEVELOPMENT_ASSET_PATHS = "\"app920/Preview Content\"";
				ENABLE_PREVIEWS = YES;
				GENERATE_INFOPLIST_FILE = YES;
				INFOPLIST_KEY_CFBundleDisplayName = "Avia Guide";
				INFOPLIST_KEY_UIApplicationSceneManifest_Generation = YES;
				INFOPLIST_KEY_UIApplicationSupportsIndirectInputEvents = YES;
				INFOPLIST_KEY_UILaunchScreen_Generation = YES;
				INFOPLIST_KEY_UISupportedInterfaceOrientations = UIInterfaceOrientationPortrait;
				INFOPLIST_KEY_UISupportedInterfaceOrientations_iPad = "UIInterfaceOrientationLandscapeLeft UIInterfaceOrientationLandscapeRight UIInterfaceOrientationPortrait UIInterfaceOrientationPortraitUpsideDown";
				IPHONEOS_DEPLOYMENT_TARGET = 14.0;
				LD_RUNPATH_SEARCH_PATHS = (
					"$(inherited)",
					"@executable_path/Frameworks",
				);
				MARKETING_VERSION = 1.1;
				PRODUCT_BUNDLE_IDENTIFIER = adm.app920;
				PRODUCT_NAME = "$(TARGET_NAME)";
				SUPPORTED_PLATFORMS = "iphoneos iphonesimulator";
				SUPPORTS_MACCATALYST = NO;
				SUPPORTS_MAC_DESIGNED_FOR_IPHONE_IPAD = NO;
				SUPPORTS_XR_DESIGNED_FOR_IPHONE_IPAD = NO;
				SWIFT_EMIT_LOC_STRINGS = YES;
				SWIFT_VERSION = 5.0;
				TARGETED_DEVICE_FAMILY = 1;
			};
			name = Debug;
		};
		2B8BBD882C90283C008139DF /* Release */ = {
			isa = XCBuildConfiguration;
			buildSettings = {
				ASSETCATALOG_COMPILER_APPICON_NAME = AppIcon;
				ASSETCATALOG_COMPILER_GLOBAL_ACCENT_COLOR_NAME = AccentColor;
				CODE_SIGN_STYLE = Automatic;
				CURRENT_PROJECT_VERSION = 1;
				DEVELOPMENT_ASSET_PATHS = "\"app920/Preview Content\"";
				ENABLE_PREVIEWS = YES;
				GENERATE_INFOPLIST_FILE = YES;
				INFOPLIST_KEY_CFBundleDisplayName = "Avia Guide";
				INFOPLIST_KEY_UIApplicationSceneManifest_Generation = YES;
				INFOPLIST_KEY_UIApplicationSupportsIndirectInputEvents = YES;
				INFOPLIST_KEY_UILaunchScreen_Generation = YES;
				INFOPLIST_KEY_UISupportedInterfaceOrientations = UIInterfaceOrientationPortrait;
				INFOPLIST_KEY_UISupportedInterfaceOrientations_iPad = "UIInterfaceOrientationLandscapeLeft UIInterfaceOrientationLandscapeRight UIInterfaceOrientationPortrait UIInterfaceOrientationPortraitUpsideDown";
				IPHONEOS_DEPLOYMENT_TARGET = 14.0;
				LD_RUNPATH_SEARCH_PATHS = (
					"$(inherited)",
					"@executable_path/Frameworks",
				);
				MARKETING_VERSION = 1.1;
				PRODUCT_BUNDLE_IDENTIFIER = adm.app920;
				PRODUCT_NAME = "$(TARGET_NAME)";
				SUPPORTED_PLATFORMS = "iphoneos iphonesimulator";
				SUPPORTS_MACCATALYST = NO;
				SUPPORTS_MAC_DESIGNED_FOR_IPHONE_IPAD = NO;
				SUPPORTS_XR_DESIGNED_FOR_IPHONE_IPAD = NO;
				SWIFT_EMIT_LOC_STRINGS = YES;
				SWIFT_VERSION = 5.0;
				TARGETED_DEVICE_FAMILY = 1;
			};
			name = Release;
		};
/* End XCBuildConfiguration section */

/* Begin XCConfigurationList section */
		2B8BBD732C90283A008139DF /* Build configuration list for PBXProject "app920" */ = {
			isa = XCConfigurationList;
			buildConfigurations = (
				2B8BBD842C90283C008139DF /* Debug */,
				2B8BBD852C90283C008139DF /* Release */,
			);
			defaultConfigurationIsVisible = 0;
			defaultConfigurationName = Release;
		};
		2B8BBD862C90283C008139DF /* Build configuration list for PBXNativeTarget "app920" */ = {
			isa = XCConfigurationList;
			buildConfigurations = (
				2B8BBD872C90283C008139DF /* Debug */,
				2B8BBD882C90283C008139DF /* Release */,
			);
			defaultConfigurationIsVisible = 0;
			defaultConfigurationName = Release;
		};
/* End XCConfigurationList section */
	};
	rootObject = 2B8BBD702C90283A008139DF /* Project object */;
}
